
Microsoft Visual Studio Solution File, Format Version 12.00
# Visual Studio Version 16
VisualStudioVersion = 16.0.30413.136
MinimumVisualStudioVersion = 10.0.40219.1
Project("{FAE04EC0-301F-11D3-BF4B-00C04F79EFBC}") = "XAML_Start", "XAML_Start\XAML_Start.csproj", "{24A02E72-AFC7-4C20-947D-25689D9E2D4A}"
EndProject
Global
	GlobalSection(SolutionConfigurationPlatforms) = preSolution
		Debug|Any CPU = Debug|Any CPU
		Release|Any CPU = Release|Any CPU
	EndGlobalSection
	GlobalSection(ProjectConfigurationPlatforms) = postSolution
		{24A02E72-AFC7-4C20-947D-25689D9E2D4A}.Debug|Any CPU.ActiveCfg = Debug|Any CPU
		{24A02E72-AFC7-4C20-947D-25689D9E2D4A}.Debug|Any CPU.Build.0 = Debug|Any CPU
		{24A02E72-AFC7-4C20-947D-25689D9E2D4A}.Release|Any CPU.ActiveCfg = Release|Any CPU
		{24A02E72-AFC7-4C20-947D-25689D9E2D4A}.Release|Any CPU.Build.0 = Release|Any CPU
	EndGlobalSection
	GlobalSection(SolutionProperties) = preSolution
		HideSolutionNode = FALSE
	EndGlobalSection
	GlobalSection(ExtensibilityGlobals) = postSolution
		SolutionGuid = {B387DE9C-3855-4147-9AB0-1BB03FB15CE6}
	EndGlobalSection
EndGlobal
